
Microsoft Visual Studio Solution File, Format Version 12.00
# Visual Studio Version 17
VisualStudioVersion = 17.0.31919.166
MinimumVisualStudioVersion = 10.0.40219.1
Project("{FAE04EC0-301F-11D3-BF4B-00C04F79EFBC}") = "Messenger.Client", "Messenger.Client.csproj", "{485E819A-FFDC-4575-931B-902FBDE3A310}"
EndProject
Project("{FAE04EC0-301F-11D3-BF4B-00C04F79EFBC}") = "Messenger.Server", "..\Messenger.Server\Messenger.Server.csproj", "{03D4783D-CBFE-4649-A970-9C87D5E485E6}"
EndProject
Global
	GlobalSection(SolutionConfigurationPlatforms) = preSolution
		Debug|Any CPU = Debug|Any CPU
		Release|Any CPU = Release|Any CPU
	EndGlobalSection
	GlobalSection(ProjectConfigurationPlatforms) = postSolution
		{485E819A-FFDC-4575-931B-902FBDE3A310}.Debug|Any CPU.ActiveCfg = Debug|Any CPU
		{485E819A-FFDC-4575-931B-902FBDE3A310}.Debug|Any CPU.Build.0 = Debug|Any CPU
		{485E819A-FFDC-4575-931B-902FBDE3A310}.Release|Any CPU.ActiveCfg = Release|Any CPU
		{485E819A-FFDC-4575-931B-902FBDE3A310}.Release|Any CPU.Build.0 = Release|Any CPU
		{03D4783D-CBFE-4649-A970-9C87D5E485E6}.Debug|Any CPU.ActiveCfg = Debug|Any CPU
		{03D4783D-CBFE-4649-A970-9C87D5E485E6}.Debug|Any CPU.Build.0 = Debug|Any CPU
		{03D4783D-CBFE-4649-A970-9C87D5E485E6}.Release|Any CPU.ActiveCfg = Release|Any CPU
		{03D4783D-CBFE-4649-A970-9C87D5E485E6}.Release|Any CPU.Build.0 = Release|Any CPU
	EndGlobalSection
	GlobalSection(SolutionProperties) = preSolution
		HideSolutionNode = FALSE
	EndGlobalSection
	GlobalSection(ExtensibilityGlobals) = postSolution
		SolutionGuid = {8504608C-577D-4E8B-BEE7-7D53CE94D9CA}
	EndGlobalSection
EndGlobal
